
Microsoft Visual Studio Solution File, Format Version 12.00
# Visual Studio Version 16
VisualStudioVersion = 16.0.32428.217
MinimumVisualStudioVersion = 10.0.40219.1
Project("{9A19103F-16F7-4668-BE54-9A1E7A4F7556}") = "LOHI.MVC", "LOHI.MVC\LOHI.MVC.csproj", "{DC5D30E6-BAC2-4E53-9468-3128720D2426}"
EndProject
Project("{9A19103F-16F7-4668-BE54-9A1E7A4F7556}") = "ClassBusiness", "ClassBusiness\ClassBusiness.csproj", "{C20B0C7D-16CA-467A-84B9-5A7371685A53}"
EndProject
Project("{9A19103F-16F7-4668-BE54-9A1E7A4F7556}") = "ClassRepository", "ClassRepository\ClassRepository.csproj", "{8DDE2F34-BE8C-4BA7-BAF5-1E54857EA39E}"
EndProject
Project("{9A19103F-16F7-4668-BE54-9A1E7A4F7556}") = "ClassModels", "ClassModels\ClassModels.csproj", "{36247CBF-1CD1-42C0-BB5B-51EC9E0B2DC4}"
EndProject
Project("{9A19103F-16F7-4668-BE54-9A1E7A4F7556}") = "ClassUtilites", "ClassUtilites\ClassUtilites.csproj", "{18366EE9-F6C0-460A-8967-D2960BE405CE}"
EndProject
Project("{9A19103F-16F7-4668-BE54-9A1E7A4F7556}") = "ClassCommunication", "ClassCommunity\ClassCommunication.csproj", "{02A1B06A-4FB9-4928-B536-20F828F5F968}"
EndProject
Project("{FAE04EC0-301F-11D3-BF4B-00C04F79EFBC}") = "WebAppLOHI", "WebAppLOHI\WebAppLOHI.csproj", "{41F991D9-4DD7-49DD-8CB8-6661614BF3F7}"
EndProject
Global
	GlobalSection(SolutionConfigurationPlatforms) = preSolution
		Debug|Any CPU = Debug|Any CPU
		Release|Any CPU = Release|Any CPU
	EndGlobalSection
	GlobalSection(ProjectConfigurationPlatforms) = postSolution
		{DC5D30E6-BAC2-4E53-9468-3128720D2426}.Debug|Any CPU.ActiveCfg = Debug|Any CPU
		{DC5D30E6-BAC2-4E53-9468-3128720D2426}.Debug|Any CPU.Build.0 = Debug|Any CPU
		{DC5D30E6-BAC2-4E53-9468-3128720D2426}.Release|Any CPU.ActiveCfg = Release|Any CPU
		{DC5D30E6-BAC2-4E53-9468-3128720D2426}.Release|Any CPU.Build.0 = Release|Any CPU
		{C20B0C7D-16CA-467A-84B9-5A7371685A53}.Debug|Any CPU.ActiveCfg = Debug|Any CPU
		{C20B0C7D-16CA-467A-84B9-5A7371685A53}.Debug|Any CPU.Build.0 = Debug|Any CPU
		{C20B0C7D-16CA-467A-84B9-5A7371685A53}.Release|Any CPU.ActiveCfg = Release|Any CPU
		{C20B0C7D-16CA-467A-84B9-5A7371685A53}.Release|Any CPU.Build.0 = Release|Any CPU
		{8DDE2F34-BE8C-4BA7-BAF5-1E54857EA39E}.Debug|Any CPU.ActiveCfg = Debug|Any CPU
		{8DDE2F34-BE8C-4BA7-BAF5-1E54857EA39E}.Debug|Any CPU.Build.0 = Debug|Any CPU
		{8DDE2F34-BE8C-4BA7-BAF5-1E54857EA39E}.Release|Any CPU.ActiveCfg = Release|Any CPU
		{8DDE2F34-BE8C-4BA7-BAF5-1E54857EA39E}.Release|Any CPU.Build.0 = Release|Any CPU
		{36247CBF-1CD1-42C0-BB5B-51EC9E0B2DC4}.Debug|Any CPU.ActiveCfg = Debug|Any CPU
		{36247CBF-1CD1-42C0-BB5B-51EC9E0B2DC4}.Debug|Any CPU.Build.0 = Debug|Any CPU
		{36247CBF-1CD1-42C0-BB5B-51EC9E0B2DC4}.Release|Any CPU.ActiveCfg = Release|Any CPU
		{36247CBF-1CD1-42C0-BB5B-51EC9E0B2DC4}.Release|Any CPU.Build.0 = Release|Any CPU
		{18366EE9-F6C0-460A-8967-D2960BE405CE}.Debug|Any CPU.ActiveCfg = Debug|Any CPU
		{18366EE9-F6C0-460A-8967-D2960BE405CE}.Debug|Any CPU.Build.0 = Debug|Any CPU
		{18366EE9-F6C0-460A-8967-D2960BE405CE}.Release|Any CPU.ActiveCfg = Release|Any CPU
		{18366EE9-F6C0-460A-8967-D2960BE405CE}.Release|Any CPU.Build.0 = Release|Any CPU
		{02A1B06A-4FB9-4928-B536-20F828F5F968}.Debug|Any CPU.ActiveCfg = Debug|Any CPU
		{02A1B06A-4FB9-4928-B536-20F828F5F968}.Debug|Any CPU.Build.0 = Debug|Any CPU
		{02A1B06A-4FB9-4928-B536-20F828F5F968}.Release|Any CPU.ActiveCfg = Release|Any CPU
		{02A1B06A-4FB9-4928-B536-20F828F5F968}.Release|Any CPU.Build.0 = Release|Any CPU
		{41F991D9-4DD7-49DD-8CB8-6661614BF3F7}.Debug|Any CPU.ActiveCfg = Debug|Any CPU
		{41F991D9-4DD7-49DD-8CB8-6661614BF3F7}.Debug|Any CPU.Build.0 = Debug|Any CPU
		{41F991D9-4DD7-49DD-8CB8-6661614BF3F7}.Release|Any CPU.ActiveCfg = Release|Any CPU
		{41F991D9-4DD7-49DD-8CB8-6661614BF3F7}.Release|Any CPU.Build.0 = Release|Any CPU
	EndGlobalSection
	GlobalSection(SolutionProperties) = preSolution
		HideSolutionNode = FALSE
	EndGlobalSection
	GlobalSection(ExtensibilityGlobals) = postSolution
		SolutionGuid = {78E431E5-F0AE-4101-A93D-FC327193D75B}
	EndGlobalSection
EndGlobal
